
Microsoft Visual Studio Solution File, Format Version 12.00
# Visual Studio Version 16
VisualStudioVersion = 16.0.30320.27
MinimumVisualStudioVersion = 10.0.40219.1
Project("{FAE04EC0-301F-11D3-BF4B-00C04F79EFBC}") = "ADayAtTheRaces", "ADayAtTheRaces\ADayAtTheRaces.csproj", "{09483A58-84CB-4FD9-BF67-6A694F46C824}"
EndProject
Global
	GlobalSection(SolutionConfigurationPlatforms) = preSolution
		Debug|Any CPU = Debug|Any CPU
		Release|Any CPU = Release|Any CPU
	EndGlobalSection
	GlobalSection(ProjectConfigurationPlatforms) = postSolution
		{09483A58-84CB-4FD9-BF67-6A694F46C824}.Debug|Any CPU.ActiveCfg = Debug|Any CPU
		{09483A58-84CB-4FD9-BF67-6A694F46C824}.Debug|Any CPU.Build.0 = Debug|Any CPU
		{09483A58-84CB-4FD9-BF67-6A694F46C824}.Release|Any CPU.ActiveCfg = Release|Any CPU
		{09483A58-84CB-4FD9-BF67-6A694F46C824}.Release|Any CPU.Build.0 = Release|Any CPU
	EndGlobalSection
	GlobalSection(SolutionProperties) = preSolution
		HideSolutionNode = FALSE
	EndGlobalSection
	GlobalSection(ExtensibilityGlobals) = postSolution
		SolutionGuid = {8A1D0908-2B31-40CD-BF68-1F542A66F629}
	EndGlobalSection
EndGlobal
